
Microsoft Visual Studio Solution File, Format Version 12.00
# Visual Studio Version 17
VisualStudioVersion = 17.7.34031.279
MinimumVisualStudioVersion = 10.0.40219.1
Project("{FAE04EC0-301F-11D3-BF4B-00C04F79EFBC}") = "CarritoCompras", "CarritoCompras\CarritoCompras.csproj", "{0A117C3D-31B2-4F00-81E7-A9E4330B44A8}"
EndProject
Project("{FAE04EC0-301F-11D3-BF4B-00C04F79EFBC}") = "CarritoComprasMoqTest", "CarritoComprasMoqTest\CarritoComprasMoqTest.csproj", "{18B08AD2-4E47-4F20-85EA-0A9865479340}"
EndProject
Global
	GlobalSection(SolutionConfigurationPlatforms) = preSolution
		Debug|Any CPU = Debug|Any CPU
		Release|Any CPU = Release|Any CPU
	EndGlobalSection
	GlobalSection(ProjectConfigurationPlatforms) = postSolution
		{0A117C3D-31B2-4F00-81E7-A9E4330B44A8}.Debug|Any CPU.ActiveCfg = Debug|Any CPU
		{0A117C3D-31B2-4F00-81E7-A9E4330B44A8}.Debug|Any CPU.Build.0 = Debug|Any CPU
		{0A117C3D-31B2-4F00-81E7-A9E4330B44A8}.Release|Any CPU.ActiveCfg = Release|Any CPU
		{0A117C3D-31B2-4F00-81E7-A9E4330B44A8}.Release|Any CPU.Build.0 = Release|Any CPU
		{18B08AD2-4E47-4F20-85EA-0A9865479340}.Debug|Any CPU.ActiveCfg = Debug|Any CPU
		{18B08AD2-4E47-4F20-85EA-0A9865479340}.Debug|Any CPU.Build.0 = Debug|Any CPU
		{18B08AD2-4E47-4F20-85EA-0A9865479340}.Release|Any CPU.ActiveCfg = Release|Any CPU
		{18B08AD2-4E47-4F20-85EA-0A9865479340}.Release|Any CPU.Build.0 = Release|Any CPU
	EndGlobalSection
	GlobalSection(SolutionProperties) = preSolution
		HideSolutionNode = FALSE
	EndGlobalSection
	GlobalSection(ExtensibilityGlobals) = postSolution
		SolutionGuid = {E34F51CC-1814-4ABB-ADEE-67D68C738575}
	EndGlobalSection
EndGlobal
