
Microsoft Visual Studio Solution File, Format Version 12.00
# Visual Studio Version 17
VisualStudioVersion = 17.6.33723.286
MinimumVisualStudioVersion = 10.0.40219.1
Project("{FAE04EC0-301F-11D3-BF4B-00C04F79EFBC}") = "PruebasUnitarias", "PruebasUnitarias.csproj", "{DADC6C1E-F372-47E7-A453-E4A55824E4A3}"
EndProject
Project("{FAE04EC0-301F-11D3-BF4B-00C04F79EFBC}") = "UnitTest", "..\UnitTest\UnitTest.csproj", "{D06889AB-8D8C-46CE-8719-47C1BF591185}"
EndProject
Global
	GlobalSection(SolutionConfigurationPlatforms) = preSolution
		Debug|Any CPU = Debug|Any CPU
		Release|Any CPU = Release|Any CPU
	EndGlobalSection
	GlobalSection(ProjectConfigurationPlatforms) = postSolution
		{DADC6C1E-F372-47E7-A453-E4A55824E4A3}.Debug|Any CPU.ActiveCfg = Debug|Any CPU
		{DADC6C1E-F372-47E7-A453-E4A55824E4A3}.Debug|Any CPU.Build.0 = Debug|Any CPU
		{DADC6C1E-F372-47E7-A453-E4A55824E4A3}.Release|Any CPU.ActiveCfg = Release|Any CPU
		{DADC6C1E-F372-47E7-A453-E4A55824E4A3}.Release|Any CPU.Build.0 = Release|Any CPU
		{D06889AB-8D8C-46CE-8719-47C1BF591185}.Debug|Any CPU.ActiveCfg = Debug|Any CPU
		{D06889AB-8D8C-46CE-8719-47C1BF591185}.Debug|Any CPU.Build.0 = Debug|Any CPU
		{D06889AB-8D8C-46CE-8719-47C1BF591185}.Release|Any CPU.ActiveCfg = Release|Any CPU
		{D06889AB-8D8C-46CE-8719-47C1BF591185}.Release|Any CPU.Build.0 = Release|Any CPU
	EndGlobalSection
	GlobalSection(SolutionProperties) = preSolution
		HideSolutionNode = FALSE
	EndGlobalSection
	GlobalSection(ExtensibilityGlobals) = postSolution
		SolutionGuid = {2EC5FE45-7B16-40C6-A895-F682EBB48513}
	EndGlobalSection
EndGlobal
